
Microsoft Visual Studio Solution File, Format Version 12.00
# Visual Studio Version 17
VisualStudioVersion = 17.5.33530.505
MinimumVisualStudioVersion = 10.0.40219.1
Project("{FAE04EC0-301F-11D3-BF4B-00C04F79EFBC}") = "DemoApp", "DemoApp\DemoApp.csproj", "{BFBFA805-512C-4BAE-8280-0998386F5BA7}"
EndProject
Global
	GlobalSection(SolutionConfigurationPlatforms) = preSolution
		Debug|Any CPU = Debug|Any CPU
		Release|Any CPU = Release|Any CPU
	EndGlobalSection
	GlobalSection(ProjectConfigurationPlatforms) = postSolution
		{BFBFA805-512C-4BAE-8280-0998386F5BA7}.Debug|Any CPU.ActiveCfg = Debug|Any CPU
		{BFBFA805-512C-4BAE-8280-0998386F5BA7}.Debug|Any CPU.Build.0 = Debug|Any CPU
		{BFBFA805-512C-4BAE-8280-0998386F5BA7}.Release|Any CPU.ActiveCfg = Release|Any CPU
		{BFBFA805-512C-4BAE-8280-0998386F5BA7}.Release|Any CPU.Build.0 = Release|Any CPU
	EndGlobalSection
	GlobalSection(SolutionProperties) = preSolution
		HideSolutionNode = FALSE
	EndGlobalSection
	GlobalSection(ExtensibilityGlobals) = postSolution
		SolutionGuid = {D6D51387-997C-4A04-82AB-134BE0552375}
	EndGlobalSection
EndGlobal
