
Microsoft Visual Studio Solution File, Format Version 12.00
# Visual Studio Version 17
VisualStudioVersion = 17.5.33530.505
MinimumVisualStudioVersion = 10.0.40219.1
Project("{FAE04EC0-301F-11D3-BF4B-00C04F79EFBC}") = "IVehiculo_Interface", "IVehiculo_Interface\IVehiculo_Interface.csproj", "{4745AF77-702B-483A-9932-CC91D1754A88}"
EndProject
Global
	GlobalSection(SolutionConfigurationPlatforms) = preSolution
		Debug|Any CPU = Debug|Any CPU
		Release|Any CPU = Release|Any CPU
	EndGlobalSection
	GlobalSection(ProjectConfigurationPlatforms) = postSolution
		{4745AF77-702B-483A-9932-CC91D1754A88}.Debug|Any CPU.ActiveCfg = Debug|Any CPU
		{4745AF77-702B-483A-9932-CC91D1754A88}.Debug|Any CPU.Build.0 = Debug|Any CPU
		{4745AF77-702B-483A-9932-CC91D1754A88}.Release|Any CPU.ActiveCfg = Release|Any CPU
		{4745AF77-702B-483A-9932-CC91D1754A88}.Release|Any CPU.Build.0 = Release|Any CPU
	EndGlobalSection
	GlobalSection(SolutionProperties) = preSolution
		HideSolutionNode = FALSE
	EndGlobalSection
	GlobalSection(ExtensibilityGlobals) = postSolution
		SolutionGuid = {3F79E4CA-E0D9-41BE-9A34-15F7BA0CA2A1}
	EndGlobalSection
EndGlobal
