
Microsoft Visual Studio Solution File, Format Version 12.00
# Visual Studio Version 17
VisualStudioVersion = 17.5.33530.505
MinimumVisualStudioVersion = 10.0.40219.1
Project("{FAE04EC0-301F-11D3-BF4B-00C04F79EFBC}") = "Temp & Farhenite Conversion using Do While Loop", "Temp & Farhenite Conversion using Do While Loop\Temp & Farhenite Conversion using Do While Loop.csproj", "{5587D288-2F50-49CB-99A7-FCCAA303F893}"
EndProject
Global
	GlobalSection(SolutionConfigurationPlatforms) = preSolution
		Debug|Any CPU = Debug|Any CPU
		Release|Any CPU = Release|Any CPU
	EndGlobalSection
	GlobalSection(ProjectConfigurationPlatforms) = postSolution
		{5587D288-2F50-49CB-99A7-FCCAA303F893}.Debug|Any CPU.ActiveCfg = Debug|Any CPU
		{5587D288-2F50-49CB-99A7-FCCAA303F893}.Debug|Any CPU.Build.0 = Debug|Any CPU
		{5587D288-2F50-49CB-99A7-FCCAA303F893}.Release|Any CPU.ActiveCfg = Release|Any CPU
		{5587D288-2F50-49CB-99A7-FCCAA303F893}.Release|Any CPU.Build.0 = Release|Any CPU
	EndGlobalSection
	GlobalSection(SolutionProperties) = preSolution
		HideSolutionNode = FALSE
	EndGlobalSection
	GlobalSection(ExtensibilityGlobals) = postSolution
		SolutionGuid = {0ED5EAEC-4C4F-4566-B7A4-9F0EF5312037}
	EndGlobalSection
EndGlobal
