
Microsoft Visual Studio Solution File, Format Version 12.00
# Visual Studio Version 17
VisualStudioVersion = 17.5.33530.505
MinimumVisualStudioVersion = 10.0.40219.1
Project("{FAE04EC0-301F-11D3-BF4B-00C04F79EFBC}") = "Percentage Calulation", "Percentage Calulation\Percentage Calulation.csproj", "{75C52BB3-7D72-4419-B9A8-5D3905C19721}"
EndProject
Global
	GlobalSection(SolutionConfigurationPlatforms) = preSolution
		Debug|Any CPU = Debug|Any CPU
		Release|Any CPU = Release|Any CPU
	EndGlobalSection
	GlobalSection(ProjectConfigurationPlatforms) = postSolution
		{75C52BB3-7D72-4419-B9A8-5D3905C19721}.Debug|Any CPU.ActiveCfg = Debug|Any CPU
		{75C52BB3-7D72-4419-B9A8-5D3905C19721}.Debug|Any CPU.Build.0 = Debug|Any CPU
		{75C52BB3-7D72-4419-B9A8-5D3905C19721}.Release|Any CPU.ActiveCfg = Release|Any CPU
		{75C52BB3-7D72-4419-B9A8-5D3905C19721}.Release|Any CPU.Build.0 = Release|Any CPU
	EndGlobalSection
	GlobalSection(SolutionProperties) = preSolution
		HideSolutionNode = FALSE
	EndGlobalSection
	GlobalSection(ExtensibilityGlobals) = postSolution
		SolutionGuid = {4CC9DD50-EAD6-4CFF-B71D-EF4EDF96560D}
	EndGlobalSection
EndGlobal
