
Microsoft Visual Studio Solution File, Format Version 12.00
# Visual Studio Version 17
VisualStudioVersion = 17.5.33530.505
MinimumVisualStudioVersion = 10.0.40219.1
Project("{FAE04EC0-301F-11D3-BF4B-00C04F79EFBC}") = "MyStack_Generic", "MyStack_Generic\MyStack_Generic.csproj", "{ABAC41E9-B173-44E4-A077-E94491B90620}"
EndProject
Global
	GlobalSection(SolutionConfigurationPlatforms) = preSolution
		Debug|Any CPU = Debug|Any CPU
		Release|Any CPU = Release|Any CPU
	EndGlobalSection
	GlobalSection(ProjectConfigurationPlatforms) = postSolution
		{ABAC41E9-B173-44E4-A077-E94491B90620}.Debug|Any CPU.ActiveCfg = Debug|Any CPU
		{ABAC41E9-B173-44E4-A077-E94491B90620}.Debug|Any CPU.Build.0 = Debug|Any CPU
		{ABAC41E9-B173-44E4-A077-E94491B90620}.Release|Any CPU.ActiveCfg = Release|Any CPU
		{ABAC41E9-B173-44E4-A077-E94491B90620}.Release|Any CPU.Build.0 = Release|Any CPU
	EndGlobalSection
	GlobalSection(SolutionProperties) = preSolution
		HideSolutionNode = FALSE
	EndGlobalSection
	GlobalSection(ExtensibilityGlobals) = postSolution
		SolutionGuid = {7EF8ACA7-D7E5-44E6-A297-431912443D42}
	EndGlobalSection
EndGlobal
