
Microsoft Visual Studio Solution File, Format Version 12.00
# Visual Studio Version 17
VisualStudioVersion = 17.5.33530.505
MinimumVisualStudioVersion = 10.0.40219.1
Project("{FAE04EC0-301F-11D3-BF4B-00C04F79EFBC}") = "Logical Operators", "Logical Operators\Logical Operators.csproj", "{F12DD858-0EAB-4A70-ABA1-727068C1747A}"
EndProject
Global
	GlobalSection(SolutionConfigurationPlatforms) = preSolution
		Debug|Any CPU = Debug|Any CPU
		Release|Any CPU = Release|Any CPU
	EndGlobalSection
	GlobalSection(ProjectConfigurationPlatforms) = postSolution
		{F12DD858-0EAB-4A70-ABA1-727068C1747A}.Debug|Any CPU.ActiveCfg = Debug|Any CPU
		{F12DD858-0EAB-4A70-ABA1-727068C1747A}.Debug|Any CPU.Build.0 = Debug|Any CPU
		{F12DD858-0EAB-4A70-ABA1-727068C1747A}.Release|Any CPU.ActiveCfg = Release|Any CPU
		{F12DD858-0EAB-4A70-ABA1-727068C1747A}.Release|Any CPU.Build.0 = Release|Any CPU
	EndGlobalSection
	GlobalSection(SolutionProperties) = preSolution
		HideSolutionNode = FALSE
	EndGlobalSection
	GlobalSection(ExtensibilityGlobals) = postSolution
		SolutionGuid = {D0A8C770-ADCC-4C7B-B563-178482CE11CE}
	EndGlobalSection
EndGlobal
