
Microsoft Visual Studio Solution File, Format Version 12.00
# Visual Studio Version 17
VisualStudioVersion = 17.5.33530.505
MinimumVisualStudioVersion = 10.0.40219.1
Project("{FAE04EC0-301F-11D3-BF4B-00C04F79EFBC}") = "Calculate the Parimeter of Rectangle", "Calculate the Parimeter of Rectangle\Calculate the Parimeter of Rectangle.csproj", "{7E1F392A-E371-43A9-B5D4-9759D84DD055}"
EndProject
Global
	GlobalSection(SolutionConfigurationPlatforms) = preSolution
		Debug|Any CPU = Debug|Any CPU
		Release|Any CPU = Release|Any CPU
	EndGlobalSection
	GlobalSection(ProjectConfigurationPlatforms) = postSolution
		{7E1F392A-E371-43A9-B5D4-9759D84DD055}.Debug|Any CPU.ActiveCfg = Debug|Any CPU
		{7E1F392A-E371-43A9-B5D4-9759D84DD055}.Debug|Any CPU.Build.0 = Debug|Any CPU
		{7E1F392A-E371-43A9-B5D4-9759D84DD055}.Release|Any CPU.ActiveCfg = Release|Any CPU
		{7E1F392A-E371-43A9-B5D4-9759D84DD055}.Release|Any CPU.Build.0 = Release|Any CPU
	EndGlobalSection
	GlobalSection(SolutionProperties) = preSolution
		HideSolutionNode = FALSE
	EndGlobalSection
	GlobalSection(ExtensibilityGlobals) = postSolution
		SolutionGuid = {A9C61D59-9854-4EC8-8A20-8F08C07341F2}
	EndGlobalSection
EndGlobal
